<Solution>
  <Folder Name="/src/">
    <Project Path="src/GameTimeTracker.App/GameTimeTracker.App.csproj" />
    <Project Path="src/GameTimeTracker.Core/GameTimeTracker.Core.csproj" />
    <Project Path="src/GameTimeTracker.Infrastructure/GameTimeTracker.Infrastructure.csproj" />
  </Folder>
  <Folder Name="/tests/">
    <Project Path="tests/GameTimeTracker.Tests/GameTimeTracker.Tests.csproj" />
  </Folder>
</Solution>
